
Microsoft Visual Studio Solution File, Format Version 12.00
# Visual Studio 14
VisualStudioVersion = 14.0.25420.1
MinimumVisualStudioVersion = 10.0.40219.1
Project("{FAE04EC0-301F-11D3-BF4B-00C04F79EFBC}") = "CheckClinicUI", "CheckClinicUI\CheckClinicUI.csproj", "{DCDA1EC4-BCD7-47A1-AE6D-C11BB6294677}"
EndProject
Project("{FAE04EC0-301F-11D3-BF4B-00C04F79EFBC}") = "Model", "Model\Model.csproj", "{8F7B07EF-F078-47DD-B87A-B0153E71D767}"
EndProject
Project("{FAE04EC0-301F-11D3-BF4B-00C04F79EFBC}") = "CheckClinicDataResolver", "CheckClinicDataResolver\CheckClinicDataResolver.csproj", "{C7A4E98D-8B8B-4A12-80F5-F26A6BF509BF}"
EndProject
Project("{FAE04EC0-301F-11D3-BF4B-00C04F79EFBC}") = "CheckClinicUINew", "CheckClinicUINew\CheckClinicUINew.csproj", "{F5CABA06-AFBF-42E9-8B10-523FC7FA61C6}"
EndProject
Project("{FAE04EC0-301F-11D3-BF4B-00C04F79EFBC}") = "DataResolver.Tests", "DataResolver.Tests\DataResolver.Tests.csproj", "{34D7B0BC-B36C-4D54-9A1B-D5DE662D5A1A}"
EndProject
Project("{FAE04EC0-301F-11D3-BF4B-00C04F79EFBC}") = "DataParser", "DataParser\DataParser.csproj", "{CD700974-FCB8-43CE-886D-E6669B0C4A63}"
EndProject
Global
	GlobalSection(SolutionConfigurationPlatforms) = preSolution
		Debug|Any CPU = Debug|Any CPU
		Release|Any CPU = Release|Any CPU
	EndGlobalSection
	GlobalSection(ProjectConfigurationPlatforms) = postSolution
		{DCDA1EC4-BCD7-47A1-AE6D-C11BB6294677}.Debug|Any CPU.ActiveCfg = Debug|Any CPU
		{DCDA1EC4-BCD7-47A1-AE6D-C11BB6294677}.Debug|Any CPU.Build.0 = Debug|Any CPU
		{DCDA1EC4-BCD7-47A1-AE6D-C11BB6294677}.Release|Any CPU.ActiveCfg = Release|Any CPU
		{DCDA1EC4-BCD7-47A1-AE6D-C11BB6294677}.Release|Any CPU.Build.0 = Release|Any CPU
		{8F7B07EF-F078-47DD-B87A-B0153E71D767}.Debug|Any CPU.ActiveCfg = Debug|Any CPU
		{8F7B07EF-F078-47DD-B87A-B0153E71D767}.Debug|Any CPU.Build.0 = Debug|Any CPU
		{8F7B07EF-F078-47DD-B87A-B0153E71D767}.Release|Any CPU.ActiveCfg = Release|Any CPU
		{8F7B07EF-F078-47DD-B87A-B0153E71D767}.Release|Any CPU.Build.0 = Release|Any CPU
		{C7A4E98D-8B8B-4A12-80F5-F26A6BF509BF}.Debug|Any CPU.ActiveCfg = Debug|Any CPU
		{C7A4E98D-8B8B-4A12-80F5-F26A6BF509BF}.Debug|Any CPU.Build.0 = Debug|Any CPU
		{C7A4E98D-8B8B-4A12-80F5-F26A6BF509BF}.Release|Any CPU.ActiveCfg = Release|Any CPU
		{C7A4E98D-8B8B-4A12-80F5-F26A6BF509BF}.Release|Any CPU.Build.0 = Release|Any CPU
		{F5CABA06-AFBF-42E9-8B10-523FC7FA61C6}.Debug|Any CPU.ActiveCfg = Debug|Any CPU
		{F5CABA06-AFBF-42E9-8B10-523FC7FA61C6}.Debug|Any CPU.Build.0 = Debug|Any CPU
		{F5CABA06-AFBF-42E9-8B10-523FC7FA61C6}.Release|Any CPU.ActiveCfg = Release|Any CPU
		{F5CABA06-AFBF-42E9-8B10-523FC7FA61C6}.Release|Any CPU.Build.0 = Release|Any CPU
		{34D7B0BC-B36C-4D54-9A1B-D5DE662D5A1A}.Debug|Any CPU.ActiveCfg = Debug|Any CPU
		{34D7B0BC-B36C-4D54-9A1B-D5DE662D5A1A}.Debug|Any CPU.Build.0 = Debug|Any CPU
		{34D7B0BC-B36C-4D54-9A1B-D5DE662D5A1A}.Release|Any CPU.ActiveCfg = Release|Any CPU
		{34D7B0BC-B36C-4D54-9A1B-D5DE662D5A1A}.Release|Any CPU.Build.0 = Release|Any CPU
		{CD700974-FCB8-43CE-886D-E6669B0C4A63}.Debug|Any CPU.ActiveCfg = Debug|Any CPU
		{CD700974-FCB8-43CE-886D-E6669B0C4A63}.Debug|Any CPU.Build.0 = Debug|Any CPU
		{CD700974-FCB8-43CE-886D-E6669B0C4A63}.Release|Any CPU.ActiveCfg = Release|Any CPU
		{CD700974-FCB8-43CE-886D-E6669B0C4A63}.Release|Any CPU.Build.0 = Release|Any CPU
	EndGlobalSection
	GlobalSection(SolutionProperties) = preSolution
		HideSolutionNode = FALSE
	EndGlobalSection
	GlobalSection(ExtensibilityGlobals) = postSolution
		SolutionGuid = {4CA25BC3-345C-4741-9849-1B21016A3E90}
	EndGlobalSection
EndGlobal
